# This file is automatically @generated by Cargo.
# It is not intended for manual editing.
[[package]]
name = "anymap"
version = "0.12.1"
source = "registry+https://github.com/rust-lang/crates.io-index"
checksum = "33954243bd79057c2de7338850b85983a44588021f8a5fee574a8888c6de4344"

[[package]]
name = "color_space"
version = "0.5.3"
source = "registry+https://github.com/rust-lang/crates.io-index"
checksum = "3776b2bcc4e914db501bb9be9572dd706e344b9eb8f882894f3daa651d281381"

[[package]]
name = "lazy_static"
version = "1.4.0"
source = "registry+https://github.com/rust-lang/crates.io-index"
checksum = "e2abad23fbc42b3700f2f279844dc832adb2b2eb069b2df918f455c4e18cc646"

[[package]]
name = "tm-rs"
version = "2020.11.7"
dependencies = [
 "anymap",
 "lazy_static",
 "tm-sys",
]

[[package]]
name = "tm-sys"
version = "2020.11.2"
source = "registry+https://github.com/rust-lang/crates.io-index"
checksum = "ed8ab22dd6ab71109ada60f77b33fd0b634818cb44cc282441be1b58e06156d8"

[[package]]
name = "tm_code_rs"
version = "0.1.0"
dependencies = [
 "color_space",
 "tm-rs",
]
